{
  "name": "vim",
  "lockfileVersion": 3,
  "requires": true,
  "packages": {
    "": {
      "devDependencies": {
        "lua-format": "^1.6.1-b"
      }
    },
    "node_modules/lua-format": {
      "version": "1.6.1-b",
      "resolved": "https://registry.npmjs.org/lua-format/-/lua-format-1.6.1-b.tgz",
      "integrity": "sha512-AIXQy3DlZcWwNGvdJcIHn+4PyNMHzNZv6IhyTkK87dTIOBZ0PsHMuS6Vivcl8/fxWI1eN38zpuWX/OgGHVLdlg==",
      "dev": true,
      "license": "ISC"
    }
  }
}
